
Microsoft Visual Studio Solution File, Format Version 12.00
# Visual Studio 15
VisualStudioVersion = 15.0.28307.779
MinimumVisualStudioVersion = 10.0.40219.1
Project("{FAE04EC0-301F-11D3-BF4B-00C04F79EFBC}") = "ProMassSpammer.Core", "ProMassSpammer.Core\ProMassSpammer.Core.csproj", "{6A6CE597-1FAC-4CDB-B375-9B4AFA97642D}"
EndProject
Project("{FAE04EC0-301F-11D3-BF4B-00C04F79EFBC}") = "ProMassSpammer.Data", "ProMassSpammer.Data\ProMassSpammer.Data.csproj", "{D6B3BDB8-67F1-49E5-8077-63C955808D64}"
EndProject
Project("{FAE04EC0-301F-11D3-BF4B-00C04F79EFBC}") = "ProMassSpammer.Tests", "ProMassSpammer.Tests\ProMassSpammer.Tests.csproj", "{B9EA37E8-659B-42D4-90CB-017257B01C6E}"
EndProject
Global
	GlobalSection(SolutionConfigurationPlatforms) = preSolution
		Debug|Any CPU = Debug|Any CPU
		Release|Any CPU = Release|Any CPU
	EndGlobalSection
	GlobalSection(ProjectConfigurationPlatforms) = postSolution
		{6A6CE597-1FAC-4CDB-B375-9B4AFA97642D}.Debug|Any CPU.ActiveCfg = Debug|Any CPU
		{6A6CE597-1FAC-4CDB-B375-9B4AFA97642D}.Debug|Any CPU.Build.0 = Debug|Any CPU
		{6A6CE597-1FAC-4CDB-B375-9B4AFA97642D}.Release|Any CPU.ActiveCfg = Release|Any CPU
		{6A6CE597-1FAC-4CDB-B375-9B4AFA97642D}.Release|Any CPU.Build.0 = Release|Any CPU
		{D6B3BDB8-67F1-49E5-8077-63C955808D64}.Debug|Any CPU.ActiveCfg = Debug|Any CPU
		{D6B3BDB8-67F1-49E5-8077-63C955808D64}.Debug|Any CPU.Build.0 = Debug|Any CPU
		{D6B3BDB8-67F1-49E5-8077-63C955808D64}.Release|Any CPU.ActiveCfg = Release|Any CPU
		{D6B3BDB8-67F1-49E5-8077-63C955808D64}.Release|Any CPU.Build.0 = Release|Any CPU
		{B9EA37E8-659B-42D4-90CB-017257B01C6E}.Debug|Any CPU.ActiveCfg = Debug|Any CPU
		{B9EA37E8-659B-42D4-90CB-017257B01C6E}.Debug|Any CPU.Build.0 = Debug|Any CPU
		{B9EA37E8-659B-42D4-90CB-017257B01C6E}.Release|Any CPU.ActiveCfg = Release|Any CPU
		{B9EA37E8-659B-42D4-90CB-017257B01C6E}.Release|Any CPU.Build.0 = Release|Any CPU
	EndGlobalSection
	GlobalSection(SolutionProperties) = preSolution
		HideSolutionNode = FALSE
	EndGlobalSection
	GlobalSection(ExtensibilityGlobals) = postSolution
		SolutionGuid = {6E1A23C0-8941-4496-ADF9-0803CE9B3298}
	EndGlobalSection
EndGlobal
